// !$*UTF8*$!
{
	archiveVersion = 1;
	classes = {
	};
	objectVersion = 46;
	objects = {

/* Begin PBXBuildFile section */
		3A31F7A31EA7485A00018466 /* main.m in Sources */ = {isa = PBXBuildFile; fileRef = 3A31F7A21EA7485A00018466 /* main.m */; };
		3A31F7A61EA7485A00018466 /* AppDelegate.m in Sources */ = {isa = PBXBuildFile; fileRef = 3A31F7A51EA7485A00018466 /* AppDelegate.m */; };
		3A31F7A91EA7485A00018466 /* ViewController.m in Sources */ = {isa = PBXBuildFile; fileRef = 3A31F7A81EA7485A00018466 /* ViewController.m */; };
		3A31F7AC1EA7485A00018466 /* Main.storyboard in Resources */ = {isa = PBXBuildFile; fileRef = 3A31F7AA1EA7485A00018466 /* Main.storyboard */; };
		3A31F7AE1EA7485A00018466 /* Assets.xcassets in Resources */ = {isa = PBXBuildFile; fileRef = 3A31F7AD1EA7485A00018466 /* Assets.xcassets */; };
		3A31F7B11EA7485A00018466 /* LaunchScreen.storyboard in Resources */ = {isa = PBXBuildFile; fileRef = 3A31F7AF1EA7485A00018466 /* LaunchScreen.storyboard */; };
		3A31F7BC1EA7485A00018466 /* PrivateLibraryDemoTests.m in Sources */ = {isa = PBXBuildFile; fileRef = 3A31F7BB1EA7485A00018466 /* PrivateLibraryDemoTests.m */; };
		3A31F7C71EA7485A00018466 /* PrivateLibraryDemoUITests.m in Sources */ = {isa = PBXBuildFile; fileRef = 3A31F7C61EA7485A00018466 /* PrivateLibraryDemoUITests.m */; };
		3A31F7D71EA74B7000018466 /* YFLSystermManager.m in Sources */ = {isa = PBXBuildFile; fileRef = 3A31F7D61EA74B7000018466 /* YFLSystermManager.m */; };
/* End PBXBuildFile section */

/* Begin PBXContainerItemProxy section */
		3A31F7B81EA7485A00018466 /* PBXContainerItemProxy */ = {
			isa = PBXContainerItemProxy;
			containerPortal = 3A31F7961EA7485A00018466 /* Project object */;
			proxyType = 1;
			remoteGlobalIDString = 3A31F79D1EA7485A00018466;
			remoteInfo = PrivateLibraryDemo;
		};
		3A31F7C31EA7485A00018466 /* PBXContainerItemProxy */ = {
			isa = PBXContainerItemProxy;
			containerPortal = 3A31F7961EA7485A00018466 /* Project object */;
			proxyType = 1;
			remoteGlobalIDString = 3A31F79D1EA7485A00018466;
			remoteInfo = PrivateLibraryDemo;
		};
/* End PBXContainerItemProxy section */

/* Begin PBXFileReference section */
		3A31F79E1EA7485A00018466 /* PrivateLibraryDemo.app */ = {isa = PBXFileReference; explicitFileType = wrapper.application; includeInIndex = 0; path = PrivateLibraryDemo.app; sourceTree = BUILT_PRODUCTS_DIR; };
		3A31F7A21EA7485A00018466 /* main.m */ = {isa = PBXFileReference; lastKnownFileType = sourcecode.c.objc; path = main.m; sourceTree = "<group>"; };
		3A31F7A41EA7485A00018466 /* AppDelegate.h */ = {isa = PBXFileReference; lastKnownFileType = sourcecode.c.h; path = AppDelegate.h; sourceTree = "<group>"; };
		3A31F7A51EA7485A00018466 /* AppDelegate.m */ = {isa = PBXFileReference; lastKnownFileType = sourcecode.c.objc; path = AppDelegate.m; sourceTree = "<group>"; };
		3A31F7A71EA7485A00018466 /* ViewController.h */ = {isa = PBXFileReference; lastKnownFileType = sourcecode.c.h; path = ViewController.h; sourceTree = "<group>"; };
		3A31F7A81EA7485A00018466 /* ViewController.m */ = {isa = PBXFileReference; lastKnownFileType = sourcecode.c.objc; path = ViewController.m; sourceTree = "<group>"; };
		3A31F7AB1EA7485A00018466 /* Base */ = {isa = PBXFileReference; lastKnownFileType = file.storyboard; name = Base; path = Base.lproj/Main.storyboard; sourceTree = "<group>"; };
		3A31F7AD1EA7485A00018466 /* Assets.xcassets */ = {isa = PBXFileReference; lastKnownFileType = folder.assetcatalog; path = Assets.xcassets; sourceTree = "<group>"; };
		3A31F7B01EA7485A00018466 /* Base */ = {isa = PBXFileReference; lastKnownFileType = file.storyboard; name = Base; path = Base.lproj/LaunchScreen.storyboard; sourceTree = "<group>"; };
		3A31F7B21EA7485A00018466 /* Info.plist */ = {isa = PBXFileReference; lastKnownFileType = text.plist.xml; path = Info.plist; sourceTree = "<group>"; };
		3A31F7B71EA7485A00018466 /* PrivateLibraryDemoTests.xctest */ = {isa = PBXFileReference; explicitFileType = wrapper.cfbundle; includeInIndex = 0; path = PrivateLibraryDemoTests.xctest; sourceTree = BUILT_PRODUCTS_DIR; };
		3A31F7BB1EA7485A00018466 /* PrivateLibraryDemoTests.m */ = {isa = PBXFileReference; lastKnownFileType = sourcecode.c.objc; path = PrivateLibraryDemoTests.m; sourceTree = "<group>"; };
		3A31F7BD1EA7485A00018466 /* Info.plist */ = {isa = PBXFileReference; lastKnownFileType = text.plist.xml; path = Info.plist; sourceTree = "<group>"; };
		3A31F7C21EA7485A00018466 /* PrivateLibraryDemoUITests.xctest */ = {isa = PBXFileReference; explicitFileType = wrapper.cfbundle; includeInIndex = 0; path = PrivateLibraryDemoUITests.xctest; sourceTree = BUILT_PRODUCTS_DIR; };
		3A31F7C61EA7485A00018466 /* PrivateLibraryDemoUITests.m */ = {isa = PBXFileReference; lastKnownFileType = sourcecode.c.objc; path = PrivateLibraryDemoUITests.m; sourceTree = "<group>"; };
		3A31F7C81EA7485A00018466 /* Info.plist */ = {isa = PBXFileReference; lastKnownFileType = text.plist.xml; path = Info.plist; sourceTree = "<group>"; };
		3A31F7D51EA74B7000018466 /* YFLSystermManager.h */ = {isa = PBXFileReference; fileEncoding = 4; lastKnownFileType = sourcecode.c.h; path = YFLSystermManager.h; sourceTree = "<group>"; };
		3A31F7D61EA74B7000018466 /* YFLSystermManager.m */ = {isa = PBXFileReference; fileEncoding = 4; lastKnownFileType = sourcecode.c.objc; path = YFLSystermManager.m; sourceTree = "<group>"; };
/* End PBXFileReference section */

/* Begin PBXFrameworksBuildPhase section */
		3A31F79B1EA7485A00018466 /* Frameworks */ = {
			isa = PBXFrameworksBuildPhase;
			buildActionMask = 2147483647;
			files = (
			);
			runOnlyForDeploymentPostprocessing = 0;
		};
		3A31F7B41EA7485A00018466 /* Frameworks */ = {
			isa = PBXFrameworksBuildPhase;
			buildActionMask = 2147483647;
			files = (
			);
			runOnlyForDeploymentPostprocessing = 0;
		};
		3A31F7BF1EA7485A00018466 /* Frameworks */ = {
			isa = PBXFrameworksBuildPhase;
			buildActionMask = 2147483647;
			files = (
			);
			runOnlyForDeploymentPostprocessing = 0;
		};
/* End PBXFrameworksBuildPhase section */

/* Begin PBXGroup section */
		3A31F7951EA7485A00018466 = {
			isa = PBXGroup;
			children = (
				3A31F7D41EA74B2A00018466 /* YFLPrivateLibrary */,
				3A31F7A01EA7485A00018466 /* PrivateLibraryDemo */,
				3A31F7BA1EA7485A00018466 /* PrivateLibraryDemoTests */,
				3A31F7C51EA7485A00018466 /* PrivateLibraryDemoUITests */,
				3A31F79F1EA7485A00018466 /* Products */,
			);
			sourceTree = "<group>";
		};
		3A31F79F1EA7485A00018466 /* Products */ = {
			isa = PBXGroup;
			children = (
				3A31F79E1EA7485A00018466 /* PrivateLibraryDemo.app */,
				3A31F7B71EA7485A00018466 /* PrivateLibraryDemoTests.xctest */,
				3A31F7C21EA7485A00018466 /* PrivateLibraryDemoUITests.xctest */,
			);
			name = Products;
			sourceTree = "<group>";
		};
		3A31F7A01EA7485A00018466 /* PrivateLibraryDemo */ = {
			isa = PBXGroup;
			children = (
				3A31F7A41EA7485A00018466 /* AppDelegate.h */,
				3A31F7A51EA7485A00018466 /* AppDelegate.m */,
				3A31F7A71EA7485A00018466 /* ViewController.h */,
				3A31F7A81EA7485A00018466 /* ViewController.m */,
				3A31F7AA1EA7485A00018466 /* Main.storyboard */,
				3A31F7AD1EA7485A00018466 /* Assets.xcassets */,
				3A31F7AF1EA7485A00018466 /* LaunchScreen.storyboard */,
				3A31F7B21EA7485A00018466 /* Info.plist */,
				3A31F7A11EA7485A00018466 /* Supporting Files */,
			);
			path = PrivateLibraryDemo;
			sourceTree = "<group>";
		};
		3A31F7A11EA7485A00018466 /* Supporting Files */ = {
			isa = PBXGroup;
			children = (
				3A31F7A21EA7485A00018466 /* main.m */,
			);
			name = "Supporting Files";
			sourceTree = "<group>";
		};
		3A31F7BA1EA7485A00018466 /* PrivateLibraryDemoTests */ = {
			isa = PBXGroup;
			children = (
				3A31F7BB1EA7485A00018466 /* PrivateLibraryDemoTests.m */,
				3A31F7BD1EA7485A00018466 /* Info.plist */,
			);
			path = PrivateLibraryDemoTests;
			sourceTree = "<group>";
		};
		3A31F7C51EA7485A00018466 /* PrivateLibraryDemoUITests */ = {
			isa = PBXGroup;
			children = (
				3A31F7C61EA7485A00018466 /* PrivateLibraryDemoUITests.m */,
				3A31F7C81EA7485A00018466 /* Info.plist */,
			);
			path = PrivateLibraryDemoUITests;
			sourceTree = "<group>";
		};
		3A31F7D41EA74B2A00018466 /* YFLPrivateLibrary */ = {
			isa = PBXGroup;
			children = (
				3A31F7D51EA74B7000018466 /* YFLSystermManager.h */,
				3A31F7D61EA74B7000018466 /* YFLSystermManager.m */,
			);
			path = YFLPrivateLibrary;
			sourceTree = "<group>";
		};
/* End PBXGroup section */

/* Begin PBXNativeTarget section */
		3A31F79D1EA7485A00018466 /* PrivateLibraryDemo */ = {
			isa = PBXNativeTarget;
			buildConfigurationList = 3A31F7CB1EA7485A00018466 /* Build configuration list for PBXNativeTarget "PrivateLibraryDemo" */;
			buildPhases = (
				3A31F79A1EA7485A00018466 /* Sources */,
				3A31F79B1EA7485A00018466 /* Frameworks */,
				3A31F79C1EA7485A00018466 /* Resources */,
			);
			buildRules = (
			);
			dependencies = (
			);
			name = PrivateLibraryDemo;
			productName = PrivateLibraryDemo;
			productReference = 3A31F79E1EA7485A00018466 /* PrivateLibraryDemo.app */;
			productType = "com.apple.product-type.application";
		};
		3A31F7B61EA7485A00018466 /* PrivateLibraryDemoTests */ = {
			isa = PBXNativeTarget;
			buildConfigurationList = 3A31F7CE1EA7485A00018466 /* Build configuration list for PBXNativeTarget "PrivateLibraryDemoTests" */;
			buildPhases = (
				3A31F7B31EA7485A00018466 /* Sources */,
				3A31F7B41EA7485A00018466 /* Frameworks */,
				3A31F7B51EA7485A00018466 /* Resources */,
			);
			buildRules = (
			);
			dependencies = (
				3A31F7B91EA7485A00018466 /* PBXTargetDependency */,
			);
			name = PrivateLibraryDemoTests;
			productName = PrivateLibraryDemoTests;
			productReference = 3A31F7B71EA7485A00018466 /* PrivateLibraryDemoTests.xctest */;
			productType = "com.apple.product-type.bundle.unit-test";
		};
		3A31F7C11EA7485A00018466 /* PrivateLibraryDemoUITests */ = {
			isa = PBXNativeTarget;
			buildConfigurationList = 3A31F7D11EA7485A00018466 /* Build configuration list for PBXNativeTarget "PrivateLibraryDemoUITests" */;
			buildPhases = (
				3A31F7BE1EA7485A00018466 /* Sources */,
				3A31F7BF1EA7485A00018466 /* Frameworks */,
				3A31F7C01EA7485A00018466 /* Resources */,
			);
			buildRules = (
			);
			dependencies = (
				3A31F7C41EA7485A00018466 /* PBXTargetDependency */,
			);
			name = PrivateLibraryDemoUITests;
			productName = PrivateLibraryDemoUITests;
			productReference = 3A31F7C21EA7485A00018466 /* PrivateLibraryDemoUITests.xctest */;
			productType = "com.apple.product-type.bundle.ui-testing";
		};
/* End PBXNativeTarget section */

/* Begin PBXProject section */
		3A31F7961EA7485A00018466 /* Project object */ = {
			isa = PBXProject;
			attributes = {
				LastUpgradeCheck = 0820;
				ORGANIZATIONNAME = "杨丰林";
				TargetAttributes = {
					3A31F79D1EA7485A00018466 = {
						CreatedOnToolsVersion = 8.2.1;
						DevelopmentTeam = KK5694975F;
						ProvisioningStyle = Automatic;
					};
					3A31F7B61EA7485A00018466 = {
						CreatedOnToolsVersion = 8.2.1;
						DevelopmentTeam = KK5694975F;
						ProvisioningStyle = Automatic;
						TestTargetID = 3A31F79D1EA7485A00018466;
					};
					3A31F7C11EA7485A00018466 = {
						CreatedOnToolsVersion = 8.2.1;
						DevelopmentTeam = KK5694975F;
						ProvisioningStyle = Automatic;
						TestTargetID = 3A31F79D1EA7485A00018466;
					};
				};
			};
			buildConfigurationList = 3A31F7991EA7485A00018466 /* Build configuration list for PBXProject "PrivateLibraryDemo" */;
			compatibilityVersion = "Xcode 3.2";
			developmentRegion = English;
			hasScannedForEncodings = 0;
			knownRegions = (
				en,
				Base,
			);
			mainGroup = 3A31F7951EA7485A00018466;
			productRefGroup = 3A31F79F1EA7485A00018466 /* Products */;
			projectDirPath = "";
			projectRoot = "";
			targets = (
				3A31F79D1EA7485A00018466 /* PrivateLibraryDemo */,
				3A31F7B61EA7485A00018466 /* PrivateLibraryDemoTests */,
				3A31F7C11EA7485A00018466 /* PrivateLibraryDemoUITests */,
			);
		};
/* End PBXProject section */

/* Begin PBXResourcesBuildPhase section */
		3A31F79C1EA7485A00018466 /* Resources */ = {
			isa = PBXResourcesBuildPhase;
			buildActionMask = 2147483647;
			files = (
				3A31F7B11EA7485A00018466 /* LaunchScreen.storyboard in Resources */,
				3A31F7AE1EA7485A00018466 /* Assets.xcassets in Resources */,
				3A31F7AC1EA7485A00018466 /* Main.storyboard in Resources */,
			);
			runOnlyForDeploymentPostprocessing = 0;
		};
		3A31F7B51EA7485A00018466 /* Resources */ = {
			isa = PBXResourcesBuildPhase;
			buildActionMask = 2147483647;
			files = (
			);
			runOnlyForDeploymentPostprocessing = 0;
		};
		3A31F7C01EA7485A00018466 /* Resources */ = {
			isa = PBXResourcesBuildPhase;
			buildActionMask = 2147483647;
			files = (
			);
			runOnlyForDeploymentPostprocessing = 0;
		};
/* End PBXResourcesBuildPhase section */

/* Begin PBXSourcesBuildPhase section */
		3A31F79A1EA7485A00018466 /* Sources */ = {
			isa = PBXSourcesBuildPhase;
			buildActionMask = 2147483647;
			files = (
				3A31F7A91EA7485A00018466 /* ViewController.m in Sources */,
				3A31F7A61EA7485A00018466 /* AppDelegate.m in Sources */,
				3A31F7A31EA7485A00018466 /* main.m in Sources */,
				3A31F7D71EA74B7000018466 /* YFLSystermManager.m in Sources */,
			);
			runOnlyForDeploymentPostprocessing = 0;
		};
		3A31F7B31EA7485A00018466 /* Sources */ = {
			isa = PBXSourcesBuildPhase;
			buildActionMask = 2147483647;
			files = (
				3A31F7BC1EA7485A00018466 /* PrivateLibraryDemoTests.m in Sources */,
			);
			runOnlyForDeploymentPostprocessing = 0;
		};
		3A31F7BE1EA7485A00018466 /* Sources */ = {
			isa = PBXSourcesBuildPhase;
			buildActionMask = 2147483647;
			files = (
				3A31F7C71EA7485A00018466 /* PrivateLibraryDemoUITests.m in Sources */,
			);
			runOnlyForDeploymentPostprocessing = 0;
		};
/* End PBXSourcesBuildPhase section */

/* Begin PBXTargetDependency section */
		3A31F7B91EA7485A00018466 /* PBXTargetDependency */ = {
			isa = PBXTargetDependency;
			target = 3A31F79D1EA7485A00018466 /* PrivateLibraryDemo */;
			targetProxy = 3A31F7B81EA7485A00018466 /* PBXContainerItemProxy */;
		};
		3A31F7C41EA7485A00018466 /* PBXTargetDependency */ = {
			isa = PBXTargetDependency;
			target = 3A31F79D1EA7485A00018466 /* PrivateLibraryDemo */;
			targetProxy = 3A31F7C31EA7485A00018466 /* PBXContainerItemProxy */;
		};
/* End PBXTargetDependency section */

/* Begin PBXVariantGroup section */
		3A31F7AA1EA7485A00018466 /* Main.storyboard */ = {
			isa = PBXVariantGroup;
			children = (
				3A31F7AB1EA7485A00018466 /* Base */,
			);
			name = Main.storyboard;
			sourceTree = "<group>";
		};
		3A31F7AF1EA7485A00018466 /* LaunchScreen.storyboard */ = {
			isa = PBXVariantGroup;
			children = (
				3A31F7B01EA7485A00018466 /* Base */,
			);
			name = LaunchScreen.storyboard;
			sourceTree = "<group>";
		};
/* End PBXVariantGroup section */

/* Begin XCBuildConfiguration section */
		3A31F7C91EA7485A00018466 /* Debug */ = {
			isa = XCBuildConfiguration;
			buildSettings = {
				ALWAYS_SEARCH_USER_PATHS = NO;
				CLANG_ANALYZER_NONNULL = YES;
				CLANG_CXX_LANGUAGE_STANDARD = "gnu++0x";
				CLANG_CXX_LIBRARY = "libc++";
				CLANG_ENABLE_MODULES = YES;
				CLANG_ENABLE_OBJC_ARC = YES;
				CLANG_WARN_BOOL_CONVERSION = YES;
				CLANG_WARN_CONSTANT_CONVERSION = YES;
				CLANG_WARN_DIRECT_OBJC_ISA_USAGE = YES_ERROR;
				CLANG_WARN_DOCUMENTATION_COMMENTS = YES;
				CLANG_WARN_EMPTY_BODY = YES;
				CLANG_WARN_ENUM_CONVERSION = YES;
				CLANG_WARN_INFINITE_RECURSION = YES;
				CLANG_WARN_INT_CONVERSION = YES;
				CLANG_WARN_OBJC_ROOT_CLASS = YES_ERROR;
				CLANG_WARN_SUSPICIOUS_MOVE = YES;
				CLANG_WARN_UNREACHABLE_CODE = YES;
				CLANG_WARN__DUPLICATE_METHOD_MATCH = YES;
				"CODE_SIGN_IDENTITY[sdk=iphoneos*]" = "iPhone Developer";
				COPY_PHASE_STRIP = NO;
				DEBUG_INFORMATION_FORMAT = dwarf;
				ENABLE_STRICT_OBJC_MSGSEND = YES;
				ENABLE_TESTABILITY = YES;
				GCC_C_LANGUAGE_STANDARD = gnu99;
				GCC_DYNAMIC_NO_PIC = NO;
				GCC_NO_COMMON_BLOCKS = YES;
				GCC_OPTIMIZATION_LEVEL = 0;
				GCC_PREPROCESSOR_DEFINITIONS = (
					"DEBUG=1",
					"$(inherited)",
				);
				GCC_WARN_64_TO_32_BIT_CONVERSION = YES;
				GCC_WARN_ABOUT_RETURN_TYPE = YES_ERROR;
				GCC_WARN_UNDECLARED_SELECTOR = YES;
				GCC_WARN_UNINITIALIZED_AUTOS = YES_AGGRESSIVE;
				GCC_WARN_UNUSED_FUNCTION = YES;
				GCC_WARN_UNUSED_VARIABLE = YES;
				IPHONEOS_DEPLOYMENT_TARGET = 10.2;
				MTL_ENABLE_DEBUG_INFO = YES;
				ONLY_ACTIVE_ARCH = YES;
				SDKROOT = iphoneos;
			};
			name = Debug;
		};
		3A31F7CA1EA7485A00018466 /* Release */ = {
			isa = XCBuildConfiguration;
			buildSettings = {
				ALWAYS_SEARCH_USER_PATHS = NO;
				CLANG_ANALYZER_NONNULL = YES;
				CLANG_CXX_LANGUAGE_STANDARD = "gnu++0x";
				CLANG_CXX_LIBRARY = "libc++";
				CLANG_ENABLE_MODULES = YES;
				CLANG_ENABLE_OBJC_ARC = YES;
				CLANG_WARN_BOOL_CONVERSION = YES;
				CLANG_WARN_CONSTANT_CONVERSION = YES;
				CLANG_WARN_DIRECT_OBJC_ISA_USAGE = YES_ERROR;
				CLANG_WARN_DOCUMENTATION_COMMENTS = YES;
				CLANG_WARN_EMPTY_BODY = YES;
				CLANG_WARN_ENUM_CONVERSION = YES;
				CLANG_WARN_INFINITE_RECURSION = YES;
				CLANG_WARN_INT_CONVERSION = YES;
				CLANG_WARN_OBJC_ROOT_CLASS = YES_ERROR;
				CLANG_WARN_SUSPICIOUS_MOVE = YES;
				CLANG_WARN_UNREACHABLE_CODE = YES;
				CLANG_WARN__DUPLICATE_METHOD_MATCH = YES;
				"CODE_SIGN_IDENTITY[sdk=iphoneos*]" = "iPhone Developer";
				COPY_PHASE_STRIP = NO;
				DEBUG_INFORMATION_FORMAT = "dwarf-with-dsym";
				ENABLE_NS_ASSERTIONS = NO;
				ENABLE_STRICT_OBJC_MSGSEND = YES;
				GCC_C_LANGUAGE_STANDARD = gnu99;
				GCC_NO_COMMON_BLOCKS = YES;
				GCC_WARN_64_TO_32_BIT_CONVERSION = YES;
				GCC_WARN_ABOUT_RETURN_TYPE = YES_ERROR;
				GCC_WARN_UNDECLARED_SELECTOR = YES;
				GCC_WARN_UNINITIALIZED_AUTOS = YES_AGGRESSIVE;
				GCC_WARN_UNUSED_FUNCTION = YES;
				GCC_WARN_UNUSED_VARIABLE = YES;
				IPHONEOS_DEPLOYMENT_TARGET = 10.2;
				MTL_ENABLE_DEBUG_INFO = NO;
				SDKROOT = iphoneos;
				VALIDATE_PRODUCT = YES;
			};
			name = Release;
		};
		3A31F7CC1EA7485A00018466 /* Debug */ = {
			isa = XCBuildConfiguration;
			buildSettings = {
				ASSETCATALOG_COMPILER_APPICON_NAME = AppIcon;
				DEVELOPMENT_TEAM = KK5694975F;
				INFOPLIST_FILE = PrivateLibraryDemo/Info.plist;
				IPHONEOS_DEPLOYMENT_TARGET = 8.0;
				LD_RUNPATH_SEARCH_PATHS = "$(inherited) @executable_path/Frameworks";
				PRODUCT_BUNDLE_IDENTIFIER = YFL.PrivateLibraryDemo;
				PRODUCT_NAME = "$(TARGET_NAME)";
			};
			name = Debug;
		};
		3A31F7CD1EA7485A00018466 /* Release */ = {
			isa = XCBuildConfiguration;
			buildSettings = {
				ASSETCATALOG_COMPILER_APPICON_NAME = AppIcon;
				DEVELOPMENT_TEAM = KK5694975F;
				INFOPLIST_FILE = PrivateLibraryDemo/Info.plist;
				IPHONEOS_DEPLOYMENT_TARGET = 8.0;
				LD_RUNPATH_SEARCH_PATHS = "$(inherited) @executable_path/Frameworks";
				PRODUCT_BUNDLE_IDENTIFIER = YFL.PrivateLibraryDemo;
				PRODUCT_NAME = "$(TARGET_NAME)";
			};
			name = Release;
		};
		3A31F7CF1EA7485A00018466 /* Debug */ = {
			isa = XCBuildConfiguration;
			buildSettings = {
				BUNDLE_LOADER = "$(TEST_HOST)";
				DEVELOPMENT_TEAM = KK5694975F;
				INFOPLIST_FILE = PrivateLibraryDemoTests/Info.plist;
				LD_RUNPATH_SEARCH_PATHS = "$(inherited) @executable_path/Frameworks @loader_path/Frameworks";
				PRODUCT_BUNDLE_IDENTIFIER = YFL.PrivateLibraryDemoTests;
				PRODUCT_NAME = "$(TARGET_NAME)";
				TEST_HOST = "$(BUILT_PRODUCTS_DIR)/PrivateLibraryDemo.app/PrivateLibraryDemo";
			};
			name = Debug;
		};
		3A31F7D01EA7485A00018466 /* Release */ = {
			isa = XCBuildConfiguration;
			buildSettings = {
				BUNDLE_LOADER = "$(TEST_HOST)";
				DEVELOPMENT_TEAM = KK5694975F;
				INFOPLIST_FILE = PrivateLibraryDemoTests/Info.plist;
				LD_RUNPATH_SEARCH_PATHS = "$(inherited) @executable_path/Frameworks @loader_path/Frameworks";
				PRODUCT_BUNDLE_IDENTIFIER = YFL.PrivateLibraryDemoTests;
				PRODUCT_NAME = "$(TARGET_NAME)";
				TEST_HOST = "$(BUILT_PRODUCTS_DIR)/PrivateLibraryDemo.app/PrivateLibraryDemo";
			};
			name = Release;
		};
		3A31F7D21EA7485A00018466 /* Debug */ = {
			isa = XCBuildConfiguration;
			buildSettings = {
				DEVELOPMENT_TEAM = KK5694975F;
				INFOPLIST_FILE = PrivateLibraryDemoUITests/Info.plist;
				LD_RUNPATH_SEARCH_PATHS = "$(inherited) @executable_path/Frameworks @loader_path/Frameworks";
				PRODUCT_BUNDLE_IDENTIFIER = YFL.PrivateLibraryDemoUITests;
				PRODUCT_NAME = "$(TARGET_NAME)";
				TEST_TARGET_NAME = PrivateLibraryDemo;
			};
			name = Debug;
		};
		3A31F7D31EA7485A00018466 /* Release */ = {
			isa = XCBuildConfiguration;
			buildSettings = {
				DEVELOPMENT_TEAM = KK5694975F;
				INFOPLIST_FILE = PrivateLibraryDemoUITests/Info.plist;
				LD_RUNPATH_SEARCH_PATHS = "$(inherited) @executable_path/Frameworks @loader_path/Frameworks";
				PRODUCT_BUNDLE_IDENTIFIER = YFL.PrivateLibraryDemoUITests;
				PRODUCT_NAME = "$(TARGET_NAME)";
				TEST_TARGET_NAME = PrivateLibraryDemo;
			};
			name = Release;
		};
/* End XCBuildConfiguration section */

/* Begin XCConfigurationList section */
		3A31F7991EA7485A00018466 /* Build configuration list for PBXProject "PrivateLibraryDemo" */ = {
			isa = XCConfigurationList;
			buildConfigurations = (
				3A31F7C91EA7485A00018466 /* Debug */,
				3A31F7CA1EA7485A00018466 /* Release */,
			);
			defaultConfigurationIsVisible = 0;
			defaultConfigurationName = Release;
		};
		3A31F7CB1EA7485A00018466 /* Build configuration list for PBXNativeTarget "PrivateLibraryDemo" */ = {
			isa = XCConfigurationList;
			buildConfigurations = (
				3A31F7CC1EA7485A00018466 /* Debug */,
				3A31F7CD1EA7485A00018466 /* Release */,
			);
			defaultConfigurationIsVisible = 0;
		};
		3A31F7CE1EA7485A00018466 /* Build configuration list for PBXNativeTarget "PrivateLibraryDemoTests" */ = {
			isa = XCConfigurationList;
			buildConfigurations = (
				3A31F7CF1EA7485A00018466 /* Debug */,
				3A31F7D01EA7485A00018466 /* Release */,
			);
			defaultConfigurationIsVisible = 0;
		};
		3A31F7D11EA7485A00018466 /* Build configuration list for PBXNativeTarget "PrivateLibraryDemoUITests" */ = {
			isa = XCConfigurationList;
			buildConfigurations = (
				3A31F7D21EA7485A00018466 /* Debug */,
				3A31F7D31EA7485A00018466 /* Release */,
			);
			defaultConfigurationIsVisible = 0;
		};
/* End XCConfigurationList section */
	};
	rootObject = 3A31F7961EA7485A00018466 /* Project object */;
}
